{
  "name": "consul-watcher",
  "version": "1.0.0",
  "lockfileVersion": 1,
  "requires": true,
  "dependencies": {
    "@types/consul": {
      "version": "0.23.32",
      "resolved": "https://registry.npmjs.org/@types/consul/-/consul-0.23.32.tgz",
      "integrity": "sha512-ag+ek0mygtPnFi6PJqsbg5zzQTRSTkOwtanKc5XXD+2PTogct9wfDRYWIsvx5D0vZEitOcGbFnDl4ck1KPNG3Q==",
      "requires": {
        "@types/node": "10.11.3"
      }
    },
    "@types/node": {
      "version": "10.11.3",
      "resolved": "https://registry.npmjs.org/@types/node/-/node-10.11.3.tgz",
      "integrity": "sha512-3AvcEJAh9EMatxs+OxAlvAEs7OTy6AG94mcH1iqyVDwVVndekLxzwkWQ/Z4SDbY6GO2oyUXyWW8tQ4rENSSQVQ=="
    },
    "consul": {
      "version": "0.34.0",
      "resolved": "https://registry.npmjs.org/consul/-/consul-0.34.0.tgz",
      "integrity": "sha512-nMFq+GhTmhEp769U9FNRZplr9JnnngB3Tde3ptTCSt/lGeBGMnvGXjxGRcQyUgrs1z37/au7rUZDH1NZMehreA==",
      "requires": {
        "papi": "0.29.0"
      }
    },
    "papi": {
      "version": "0.29.0",
      "resolved": "https://registry.npmjs.org/papi/-/papi-0.29.0.tgz",
      "integrity": "sha512-NnZp1pBF0Bt8yV+XX6ejuWfpO6YOt6zUKqZLnpYyZz8MHyWa9jvjNH+oi4NDU3+47CAlpivrl0evekamSbOViQ=="
    }
  }
}
